
Microsoft Visual Studio Solution File, Format Version 12.00
# Visual Studio Version 16
VisualStudioVersion = 16.0.28803.452
MinimumVisualStudioVersion = 10.0.40219.1
Project("{2150E333-8FDC-42A3-9474-1A3956D46DE8}") = "src", "src", "{8D4342C1-EAF4-4364-968A-A56C94E79BBD}"
EndProject
Project("{9A19103F-16F7-4668-BE54-9A1E7A4F7556}") = "STEP.Locking.Abstractions", "src\STEP.Locking.Abstractions\STEP.Locking.Abstractions.csproj", "{14B65B9B-EA66-45CA-A4C7-62CF93E9A958}"
EndProject
Project("{9A19103F-16F7-4668-BE54-9A1E7A4F7556}") = "STEP.Locking.Semaphore", "src\STEP.Locking.Semaphore\STEP.Locking.Semaphore.csproj", "{EB27CC3D-4DAF-4A96-81A0-90F70BC36AF6}"
EndProject
Project("{9A19103F-16F7-4668-BE54-9A1E7A4F7556}") = "STEP.Locking.Redis", "src\STEP.Locking.Redis\STEP.Locking.Redis.csproj", "{29ED6BFF-C2FE-4EB3-84C3-8F026A666A90}"
EndProject
Project("{9A19103F-16F7-4668-BE54-9A1E7A4F7556}") = "STEP.Locking.ZooKeeper", "src\STEP.Locking.Zookeeper\STEP.Locking.ZooKeeper.csproj", "{CB81B7C8-21E4-4C62-B06B-2CD878328E00}"
EndProject
Project("{2150E333-8FDC-42A3-9474-1A3956D46DE8}") = "ext", "ext", "{90EBF1D2-1E00-4802-AA43-663A8E66F5A3}"
EndProject
Project("{2150E333-8FDC-42A3-9474-1A3956D46DE8}") = "test", "test", "{32A8A11E-50A7-4852-AD30-CADE2296C7FB}"
EndProject
Project("{9A19103F-16F7-4668-BE54-9A1E7A4F7556}") = "STEP.Locking.UnitTests", "test\STEP.Locking.UnitTests\STEP.Locking.UnitTests.csproj", "{6BA73A3D-E14D-433B-AD50-B6CAB8E27E19}"
EndProject
Global
	GlobalSection(SolutionConfigurationPlatforms) = preSolution
		Debug|Any CPU = Debug|Any CPU
		Release|Any CPU = Release|Any CPU
	EndGlobalSection
	GlobalSection(ProjectConfigurationPlatforms) = postSolution
		{14B65B9B-EA66-45CA-A4C7-62CF93E9A958}.Debug|Any CPU.ActiveCfg = Debug|Any CPU
		{14B65B9B-EA66-45CA-A4C7-62CF93E9A958}.Debug|Any CPU.Build.0 = Debug|Any CPU
		{14B65B9B-EA66-45CA-A4C7-62CF93E9A958}.Release|Any CPU.ActiveCfg = Release|Any CPU
		{14B65B9B-EA66-45CA-A4C7-62CF93E9A958}.Release|Any CPU.Build.0 = Release|Any CPU
		{EB27CC3D-4DAF-4A96-81A0-90F70BC36AF6}.Debug|Any CPU.ActiveCfg = Debug|Any CPU
		{EB27CC3D-4DAF-4A96-81A0-90F70BC36AF6}.Debug|Any CPU.Build.0 = Debug|Any CPU
		{EB27CC3D-4DAF-4A96-81A0-90F70BC36AF6}.Release|Any CPU.ActiveCfg = Release|Any CPU
		{EB27CC3D-4DAF-4A96-81A0-90F70BC36AF6}.Release|Any CPU.Build.0 = Release|Any CPU
		{29ED6BFF-C2FE-4EB3-84C3-8F026A666A90}.Debug|Any CPU.ActiveCfg = Debug|Any CPU
		{29ED6BFF-C2FE-4EB3-84C3-8F026A666A90}.Debug|Any CPU.Build.0 = Debug|Any CPU
		{29ED6BFF-C2FE-4EB3-84C3-8F026A666A90}.Release|Any CPU.ActiveCfg = Release|Any CPU
		{29ED6BFF-C2FE-4EB3-84C3-8F026A666A90}.Release|Any CPU.Build.0 = Release|Any CPU
		{CB81B7C8-21E4-4C62-B06B-2CD878328E00}.Debug|Any CPU.ActiveCfg = Debug|Any CPU
		{CB81B7C8-21E4-4C62-B06B-2CD878328E00}.Debug|Any CPU.Build.0 = Debug|Any CPU
		{CB81B7C8-21E4-4C62-B06B-2CD878328E00}.Release|Any CPU.ActiveCfg = Release|Any CPU
		{CB81B7C8-21E4-4C62-B06B-2CD878328E00}.Release|Any CPU.Build.0 = Release|Any CPU
		{6BA73A3D-E14D-433B-AD50-B6CAB8E27E19}.Debug|Any CPU.ActiveCfg = Debug|Any CPU
		{6BA73A3D-E14D-433B-AD50-B6CAB8E27E19}.Debug|Any CPU.Build.0 = Debug|Any CPU
		{6BA73A3D-E14D-433B-AD50-B6CAB8E27E19}.Release|Any CPU.ActiveCfg = Release|Any CPU
		{6BA73A3D-E14D-433B-AD50-B6CAB8E27E19}.Release|Any CPU.Build.0 = Release|Any CPU
	EndGlobalSection
	GlobalSection(SolutionProperties) = preSolution
		HideSolutionNode = FALSE
	EndGlobalSection
	GlobalSection(NestedProjects) = preSolution
		{14B65B9B-EA66-45CA-A4C7-62CF93E9A958} = {8D4342C1-EAF4-4364-968A-A56C94E79BBD}
		{EB27CC3D-4DAF-4A96-81A0-90F70BC36AF6} = {8D4342C1-EAF4-4364-968A-A56C94E79BBD}
		{29ED6BFF-C2FE-4EB3-84C3-8F026A666A90} = {8D4342C1-EAF4-4364-968A-A56C94E79BBD}
		{CB81B7C8-21E4-4C62-B06B-2CD878328E00} = {8D4342C1-EAF4-4364-968A-A56C94E79BBD}
		{90EBF1D2-1E00-4802-AA43-663A8E66F5A3} = {8D4342C1-EAF4-4364-968A-A56C94E79BBD}
		{6BA73A3D-E14D-433B-AD50-B6CAB8E27E19} = {32A8A11E-50A7-4852-AD30-CADE2296C7FB}
	EndGlobalSection
	GlobalSection(ExtensibilityGlobals) = postSolution
		SolutionGuid = {F9FBADDE-C069-4B0D-A6AA-0B85A3DE2224}
	EndGlobalSection
EndGlobal
